Microsoft Visual Studio Solution File, Format Version 12.00
# Visual Studio 15
Project("{8BC9CEB8-8B4A-11D0-8D11-00A0C91BC942}") = "ALL_BUILD", "ALL_BUILD.vcxproj", "{F51B44F0-4C1B-3268-826E-9236B6861CD3}"
	ProjectSection(ProjectDependencies) = postProject
		{F8F2DDA3-6E84-39C8-94E4-74DE1CCCE431} = {F8F2DDA3-6E84-39C8-94E4-74DE1CCCE431}
		{4765A25C-B5BD-3C27-8DBE-554D8032A4A3} = {4765A25C-B5BD-3C27-8DBE-554D8032A4A3}
		{8BC94F93-181C-388E-A24C-B2610144FA3F} = {8BC94F93-181C-388E-A24C-B2610144FA3F}
	EndProjectSection
EndProject
Project("{8BC9CEB8-8B4A-11D0-8D11-00A0C91BC942}") = "GPUSample", "src\GPUSample\GPUSample.vcxproj", "{F8F2DDA3-6E84-39C8-94E4-74DE1CCCE431}"
	ProjectSection(ProjectDependencies) = postProject
		{4765A25C-B5BD-3C27-8DBE-554D8032A4A3} = {4765A25C-B5BD-3C27-8DBE-554D8032A4A3}
		{8BC94F93-181C-388E-A24C-B2610144FA3F} = {8BC94F93-181C-388E-A24C-B2610144FA3F}
	EndProjectSection
EndProject
Project("{8BC9CEB8-8B4A-11D0-8D11-00A0C91BC942}") = "Renderer", "src\Renderer\Renderer.vcxproj", "{4765A25C-B5BD-3C27-8DBE-554D8032A4A3}"
	ProjectSection(ProjectDependencies) = postProject
		{8BC94F93-181C-388E-A24C-B2610144FA3F} = {8BC94F93-181C-388E-A24C-B2610144FA3F}
	EndProjectSection
EndProject
Project("{8BC9CEB8-8B4A-11D0-8D11-00A0C91BC942}") = "ZERO_CHECK", "ZERO_CHECK.vcxproj", "{8BC94F93-181C-388E-A24C-B2610144FA3F}"
	ProjectSection(ProjectDependencies) = postProject
	EndProjectSection
EndProject
Global
	GlobalSection(SolutionConfigurationPlatforms) = preSolution
		Debug|x64 = Debug|x64
		Release|x64 = Release|x64
		MinSizeRel|x64 = MinSizeRel|x64
		RelWithDebInfo|x64 = RelWithDebInfo|x64
	EndGlobalSection
	GlobalSection(ProjectConfigurationPlatforms) = postSolution
		{F51B44F0-4C1B-3268-826E-9236B6861CD3}.Debug|x64.ActiveCfg = Debug|x64
		{F51B44F0-4C1B-3268-826E-9236B6861CD3}.Release|x64.ActiveCfg = Release|x64
		{F51B44F0-4C1B-3268-826E-9236B6861CD3}.MinSizeRel|x64.ActiveCfg = MinSizeRel|x64
		{F51B44F0-4C1B-3268-826E-9236B6861CD3}.RelWithDebInfo|x64.ActiveCfg = RelWithDebInfo|x64
		{F8F2DDA3-6E84-39C8-94E4-74DE1CCCE431}.Debug|x64.ActiveCfg = Debug|x64
		{F8F2DDA3-6E84-39C8-94E4-74DE1CCCE431}.Debug|x64.Build.0 = Debug|x64
		{F8F2DDA3-6E84-39C8-94E4-74DE1CCCE431}.Release|x64.ActiveCfg = Release|x64
		{F8F2DDA3-6E84-39C8-94E4-74DE1CCCE431}.Release|x64.Build.0 = Release|x64
		{F8F2DDA3-6E84-39C8-94E4-74DE1CCCE431}.MinSizeRel|x64.ActiveCfg = MinSizeRel|x64
		{F8F2DDA3-6E84-39C8-94E4-74DE1CCCE431}.MinSizeRel|x64.Build.0 = MinSizeRel|x64
		{F8F2DDA3-6E84-39C8-94E4-74DE1CCCE431}.RelWithDebInfo|x64.ActiveCfg = RelWithDebInfo|x64
		{F8F2DDA3-6E84-39C8-94E4-74DE1CCCE431}.RelWithDebInfo|x64.Build.0 = RelWithDebInfo|x64
		{4765A25C-B5BD-3C27-8DBE-554D8032A4A3}.Debug|x64.ActiveCfg = Debug|x64
		{4765A25C-B5BD-3C27-8DBE-554D8032A4A3}.Debug|x64.Build.0 = Debug|x64
		{4765A25C-B5BD-3C27-8DBE-554D8032A4A3}.Release|x64.ActiveCfg = Release|x64
		{4765A25C-B5BD-3C27-8DBE-554D8032A4A3}.Release|x64.Build.0 = Release|x64
		{4765A25C-B5BD-3C27-8DBE-554D8032A4A3}.MinSizeRel|x64.ActiveCfg = MinSizeRel|x64
		{4765A25C-B5BD-3C27-8DBE-554D8032A4A3}.MinSizeRel|x64.Build.0 = MinSizeRel|x64
		{4765A25C-B5BD-3C27-8DBE-554D8032A4A3}.RelWithDebInfo|x64.ActiveCfg = RelWithDebInfo|x64
		{4765A25C-B5BD-3C27-8DBE-554D8032A4A3}.RelWithDebInfo|x64.Build.0 = RelWithDebInfo|x64
		{8BC94F93-181C-388E-A24C-B2610144FA3F}.Debug|x64.ActiveCfg = Debug|x64
		{8BC94F93-181C-388E-A24C-B2610144FA3F}.Debug|x64.Build.0 = Debug|x64
		{8BC94F93-181C-388E-A24C-B2610144FA3F}.Release|x64.ActiveCfg = Release|x64
		{8BC94F93-181C-388E-A24C-B2610144FA3F}.Release|x64.Build.0 = Release|x64
		{8BC94F93-181C-388E-A24C-B2610144FA3F}.MinSizeRel|x64.ActiveCfg = MinSizeRel|x64
		{8BC94F93-181C-388E-A24C-B2610144FA3F}.MinSizeRel|x64.Build.0 = MinSizeRel|x64
		{8BC94F93-181C-388E-A24C-B2610144FA3F}.RelWithDebInfo|x64.ActiveCfg = RelWithDebInfo|x64
		{8BC94F93-181C-388E-A24C-B2610144FA3F}.RelWithDebInfo|x64.Build.0 = RelWithDebInfo|x64
	EndGlobalSection
	GlobalSection(ExtensibilityGlobals) = postSolution
		SolutionGuid = {CE83755C-F4D2-3099-B856-74DE84C221B9}
	EndGlobalSection
	GlobalSection(ExtensibilityAddIns) = postSolution
	EndGlobalSection
EndGlobal
